
Microsoft Visual Studio Solution File, Format Version 12.00
# Visual Studio Version 16
VisualStudioVersion = 16.0.31205.134
MinimumVisualStudioVersion = 10.0.40219.1
Project("{2150E333-8FDC-42A3-9474-1A3956D46DE8}") = "1 - Layers", "1 - Layers", "{3BD9A6F1-D65E-437F-A634-EC661CF4C7B4}"
EndProject
Project("{2150E333-8FDC-42A3-9474-1A3956D46DE8}") = "1.1 - Distribuited Services", "1.1 - Distribuited Services", "{30DCEF87-31DF-4E60-8F00-E81E63BD79BD}"
EndProject
Project("{2150E333-8FDC-42A3-9474-1A3956D46DE8}") = "1.2 - Aplication", "1.2 - Aplication", "{3C1BA46F-ADAC-4B95-AE3A-3529610D45F0}"
EndProject
Project("{9A19103F-16F7-4668-BE54-9A1E7A4F7556}") = "Coworking.Api.Application", "Coworking.Api.Application\Coworking.Api.Application.csproj", "{71E91DDC-6BF6-4E2F-9E11-F987D37E9938}"
EndProject
Project("{9A19103F-16F7-4668-BE54-9A1E7A4F7556}") = "Coworking.Api.Application.Contracts", "Coworking.Api.Application.Contracts\Coworking.Api.Application.Contracts.csproj", "{C142DA55-C062-4EE2-9CD4-28ECFC53A3BC}"
EndProject
Project("{2150E333-8FDC-42A3-9474-1A3956D46DE8}") = "1.3 - Business", "1.3 - Business", "{32553322-6462-4800-87B7-A6C8DD092764}"
EndProject
Project("{9A19103F-16F7-4668-BE54-9A1E7A4F7556}") = "Coworking.Api.Business", "Coworking.Api.Business\Coworking.Api.Business.csproj", "{D72F672B-01DF-49AC-B8D0-DCBCD6A8F2A1}"
EndProject
Project("{2150E333-8FDC-42A3-9474-1A3956D46DE8}") = "1.4 - Data Access", "1.4 - Data Access", "{B661D3F2-5547-4522-A4FC-832D1D43F82C}"
EndProject
Project("{9A19103F-16F7-4668-BE54-9A1E7A4F7556}") = "Coworking.Api.DataAccess", "Coworking.Api.DataAccess\Coworking.Api.DataAccess.csproj", "{5A53195A-3F86-4A9A-AC81-6EEDBEFB0238}"
EndProject
Project("{9A19103F-16F7-4668-BE54-9A1E7A4F7556}") = "Coworking.Api.DataAccess.Contracts", "Coworking.Api.DataAccess.Contracts\Coworking.Api.DataAccess.Contracts.csproj", "{203EDE33-441F-4AB4-92C2-6F38FA1CA16A}"
EndProject
Project("{2150E333-8FDC-42A3-9474-1A3956D46DE8}") = "1.5 - CrossCutting", "1.5 - CrossCutting", "{0236EC5B-6608-4208-B568-4ADFA09A7B68}"
EndProject
Project("{9A19103F-16F7-4668-BE54-9A1E7A4F7556}") = "Coworking.Api.CrossCutting", "Coworking.Api.CrossCutting\Coworking.Api.CrossCutting.csproj", "{29BB3DCC-7509-4DDE-986C-A1779DA1E62F}"
EndProject
Project("{9A19103F-16F7-4668-BE54-9A1E7A4F7556}") = "Coworking.Api", "Coworking.Api\Coworking.Api.csproj", "{C7E818E8-B1FC-4320-BBA2-495B7EC91A92}"
EndProject
Project("{FAE04EC0-301F-11D3-BF4B-00C04F79EFBC}") = "WebApplication3", "WebApplication3\WebApplication3.csproj", "{F28A3A35-7301-45E7-A75C-DAE03AA124F8}"
EndProject
Global
	GlobalSection(SolutionConfigurationPlatforms) = preSolution
		Debug|Any CPU = Debug|Any CPU
		Release|Any CPU = Release|Any CPU
	EndGlobalSection
	GlobalSection(ProjectConfigurationPlatforms) = postSolution
		{71E91DDC-6BF6-4E2F-9E11-F987D37E9938}.Debug|Any CPU.ActiveCfg = Debug|Any CPU
		{71E91DDC-6BF6-4E2F-9E11-F987D37E9938}.Debug|Any CPU.Build.0 = Debug|Any CPU
		{71E91DDC-6BF6-4E2F-9E11-F987D37E9938}.Release|Any CPU.ActiveCfg = Release|Any CPU
		{71E91DDC-6BF6-4E2F-9E11-F987D37E9938}.Release|Any CPU.Build.0 = Release|Any CPU
		{C142DA55-C062-4EE2-9CD4-28ECFC53A3BC}.Debug|Any CPU.ActiveCfg = Debug|Any CPU
		{C142DA55-C062-4EE2-9CD4-28ECFC53A3BC}.Debug|Any CPU.Build.0 = Debug|Any CPU
		{C142DA55-C062-4EE2-9CD4-28ECFC53A3BC}.Release|Any CPU.ActiveCfg = Release|Any CPU
		{C142DA55-C062-4EE2-9CD4-28ECFC53A3BC}.Release|Any CPU.Build.0 = Release|Any CPU
		{D72F672B-01DF-49AC-B8D0-DCBCD6A8F2A1}.Debug|Any CPU.ActiveCfg = Debug|Any CPU
		{D72F672B-01DF-49AC-B8D0-DCBCD6A8F2A1}.Debug|Any CPU.Build.0 = Debug|Any CPU
		{D72F672B-01DF-49AC-B8D0-DCBCD6A8F2A1}.Release|Any CPU.ActiveCfg = Release|Any CPU
		{D72F672B-01DF-49AC-B8D0-DCBCD6A8F2A1}.Release|Any CPU.Build.0 = Release|Any CPU
		{5A53195A-3F86-4A9A-AC81-6EEDBEFB0238}.Debug|Any CPU.ActiveCfg = Debug|Any CPU
		{5A53195A-3F86-4A9A-AC81-6EEDBEFB0238}.Debug|Any CPU.Build.0 = Debug|Any CPU
		{5A53195A-3F86-4A9A-AC81-6EEDBEFB0238}.Release|Any CPU.ActiveCfg = Release|Any CPU
		{5A53195A-3F86-4A9A-AC81-6EEDBEFB0238}.Release|Any CPU.Build.0 = Release|Any CPU
		{203EDE33-441F-4AB4-92C2-6F38FA1CA16A}.Debug|Any CPU.ActiveCfg = Debug|Any CPU
		{203EDE33-441F-4AB4-92C2-6F38FA1CA16A}.Debug|Any CPU.Build.0 = Debug|Any CPU
		{203EDE33-441F-4AB4-92C2-6F38FA1CA16A}.Release|Any CPU.ActiveCfg = Release|Any CPU
		{203EDE33-441F-4AB4-92C2-6F38FA1CA16A}.Release|Any CPU.Build.0 = Release|Any CPU
		{29BB3DCC-7509-4DDE-986C-A1779DA1E62F}.Debug|Any CPU.ActiveCfg = Debug|Any CPU
		{29BB3DCC-7509-4DDE-986C-A1779DA1E62F}.Debug|Any CPU.Build.0 = Debug|Any CPU
		{29BB3DCC-7509-4DDE-986C-A1779DA1E62F}.Release|Any CPU.ActiveCfg = Release|Any CPU
		{29BB3DCC-7509-4DDE-986C-A1779DA1E62F}.Release|Any CPU.Build.0 = Release|Any CPU
		{C7E818E8-B1FC-4320-BBA2-495B7EC91A92}.Debug|Any CPU.ActiveCfg = Debug|Any CPU
		{C7E818E8-B1FC-4320-BBA2-495B7EC91A92}.Debug|Any CPU.Build.0 = Debug|Any CPU
		{C7E818E8-B1FC-4320-BBA2-495B7EC91A92}.Release|Any CPU.ActiveCfg = Release|Any CPU
		{C7E818E8-B1FC-4320-BBA2-495B7EC91A92}.Release|Any CPU.Build.0 = Release|Any CPU
		{F28A3A35-7301-45E7-A75C-DAE03AA124F8}.Debug|Any CPU.ActiveCfg = Debug|Any CPU
		{F28A3A35-7301-45E7-A75C-DAE03AA124F8}.Debug|Any CPU.Build.0 = Debug|Any CPU
		{F28A3A35-7301-45E7-A75C-DAE03AA124F8}.Release|Any CPU.ActiveCfg = Release|Any CPU
		{F28A3A35-7301-45E7-A75C-DAE03AA124F8}.Release|Any CPU.Build.0 = Release|Any CPU
	EndGlobalSection
	GlobalSection(SolutionProperties) = preSolution
		HideSolutionNode = FALSE
	EndGlobalSection
	GlobalSection(NestedProjects) = preSolution
		{30DCEF87-31DF-4E60-8F00-E81E63BD79BD} = {3BD9A6F1-D65E-437F-A634-EC661CF4C7B4}
		{3C1BA46F-ADAC-4B95-AE3A-3529610D45F0} = {3BD9A6F1-D65E-437F-A634-EC661CF4C7B4}
		{71E91DDC-6BF6-4E2F-9E11-F987D37E9938} = {3C1BA46F-ADAC-4B95-AE3A-3529610D45F0}
		{C142DA55-C062-4EE2-9CD4-28ECFC53A3BC} = {3C1BA46F-ADAC-4B95-AE3A-3529610D45F0}
		{32553322-6462-4800-87B7-A6C8DD092764} = {3BD9A6F1-D65E-437F-A634-EC661CF4C7B4}
		{D72F672B-01DF-49AC-B8D0-DCBCD6A8F2A1} = {32553322-6462-4800-87B7-A6C8DD092764}
		{B661D3F2-5547-4522-A4FC-832D1D43F82C} = {3BD9A6F1-D65E-437F-A634-EC661CF4C7B4}
		{5A53195A-3F86-4A9A-AC81-6EEDBEFB0238} = {B661D3F2-5547-4522-A4FC-832D1D43F82C}
		{203EDE33-441F-4AB4-92C2-6F38FA1CA16A} = {B661D3F2-5547-4522-A4FC-832D1D43F82C}
		{0236EC5B-6608-4208-B568-4ADFA09A7B68} = {3BD9A6F1-D65E-437F-A634-EC661CF4C7B4}
		{29BB3DCC-7509-4DDE-986C-A1779DA1E62F} = {0236EC5B-6608-4208-B568-4ADFA09A7B68}
		{C7E818E8-B1FC-4320-BBA2-495B7EC91A92} = {30DCEF87-31DF-4E60-8F00-E81E63BD79BD}
		{F28A3A35-7301-45E7-A75C-DAE03AA124F8} = {30DCEF87-31DF-4E60-8F00-E81E63BD79BD}
	EndGlobalSection
	GlobalSection(ExtensibilityGlobals) = postSolution
		SolutionGuid = {110015BF-F4FF-4203-A55B-7D7146601D2C}
	EndGlobalSection
EndGlobal
